
Microsoft Visual Studio Solution File, Format Version 12.00
# Visual Studio 2013
VisualStudioVersion = 12.0.30501.0
MinimumVisualStudioVersion = 10.0.40219.1
Project("{FAE04EC0-301F-11D3-BF4B-00C04F79EFBC}") = "SqlEditor", "SqlEditor\SqlEditor.csproj", "{D5BEC1FC-9E74-4EA4-84D8-49C8AC3A4B45}"
EndProject
Project("{FAE04EC0-301F-11D3-BF4B-00C04F79EFBC}") = "SqlEditor.SqlParser", "SqlEditor.SqlParser\SqlEditor.SqlParser.csproj", "{E972B2B2-F549-418E-B830-FB5D97101168}"
EndProject
Project("{FAE04EC0-301F-11D3-BF4B-00C04F79EFBC}") = "SqlEditor.SqlParser.Tests", "SqlEditor.SqlParser.Tests\SqlEditor.SqlParser.Tests.csproj", "{3A338206-75A9-419B-BCDE-802F714767F6}"
EndProject
Project("{FAE04EC0-301F-11D3-BF4B-00C04F79EFBC}") = "Utilities", "Utilities\Utilities.csproj", "{4404AE57-C407-4585-8F91-F51C10BAC66F}"
EndProject
Project("{FAE04EC0-301F-11D3-BF4B-00C04F79EFBC}") = "Utilities.InfragisticsUtilities", "Utilities.Infragistics\Utilities.InfragisticsUtilities.csproj", "{8032CEF7-29D1-4C28-830B-D055455BD350}"
EndProject
Project("{FAE04EC0-301F-11D3-BF4B-00C04F79EFBC}") = "SqlEditor.Tests", "SqlEditor.Tests\SqlEditor.Tests.csproj", "{B633166C-5CA2-407E-AB81-E36A4FF6B47B}"
EndProject
Project("{2150E333-8FDC-42A3-9474-1A3956D46DE8}") = "Solution Items", "Solution Items", "{91EB4DD2-A283-4493-9699-6CF29F71CD48}"
EndProject
Project("{FAE04EC0-301F-11D3-BF4B-00C04F79EFBC}") = "ISqlCeScripting", "ISqlCeScripting\ISqlCeScripting.csproj", "{B690CB18-0DC5-4C20-AEB3-F9F4B55B4601}"
EndProject
Project("{FAE04EC0-301F-11D3-BF4B-00C04F79EFBC}") = "SqlCeScripting40", "SqlCeScripting40\SqlCeScripting40.csproj", "{A732FB3F-E50F-47FD-A3E7-CB6B4A3E57AF}"
EndProject
Project("{2150E333-8FDC-42A3-9474-1A3956D46DE8}") = ".nuget", ".nuget", "{30666729-E7AB-4110-BE28-AD4674768AD8}"
	ProjectSection(SolutionItems) = preProject
		.nuget\NuGet.Config = .nuget\NuGet.Config
		.nuget\NuGet.exe = .nuget\NuGet.exe
		.nuget\NuGet.targets = .nuget\NuGet.targets
	EndProjectSection
EndProject
Global
	GlobalSection(SolutionConfigurationPlatforms) = preSolution
		CD_ROM|Any CPU = CD_ROM|Any CPU
		CD_ROM|Mixed Platforms = CD_ROM|Mixed Platforms
		CD_ROM|x64 = CD_ROM|x64
		CD_ROM|x86 = CD_ROM|x86
		Debug|Any CPU = Debug|Any CPU
		Debug|Mixed Platforms = Debug|Mixed Platforms
		Debug|x64 = Debug|x64
		Debug|x86 = Debug|x86
		DVD-5|Any CPU = DVD-5|Any CPU
		DVD-5|Mixed Platforms = DVD-5|Mixed Platforms
		DVD-5|x64 = DVD-5|x64
		DVD-5|x86 = DVD-5|x86
		Release|Any CPU = Release|Any CPU
		Release|Mixed Platforms = Release|Mixed Platforms
		Release|x64 = Release|x64
		Release|x86 = Release|x86
		SingleImage|Any CPU = SingleImage|Any CPU
		SingleImage|Mixed Platforms = SingleImage|Mixed Platforms
		SingleImage|x64 = SingleImage|x64
		SingleImage|x86 = SingleImage|x86
	EndGlobalSection
	GlobalSection(ProjectConfigurationPlatforms) = postSolution
		{D5BEC1FC-9E74-4EA4-84D8-49C8AC3A4B45}.CD_ROM|Any CPU.ActiveCfg = Release|Any CPU
		{D5BEC1FC-9E74-4EA4-84D8-49C8AC3A4B45}.CD_ROM|Any CPU.Build.0 = Release|Any CPU
		{D5BEC1FC-9E74-4EA4-84D8-49C8AC3A4B45}.CD_ROM|Mixed Platforms.ActiveCfg = Release|x86
		{D5BEC1FC-9E74-4EA4-84D8-49C8AC3A4B45}.CD_ROM|Mixed Platforms.Build.0 = Release|x86
		{D5BEC1FC-9E74-4EA4-84D8-49C8AC3A4B45}.CD_ROM|x64.ActiveCfg = Release|x64
		{D5BEC1FC-9E74-4EA4-84D8-49C8AC3A4B45}.CD_ROM|x64.Build.0 = Release|x64
		{D5BEC1FC-9E74-4EA4-84D8-49C8AC3A4B45}.CD_ROM|x86.ActiveCfg = Release|x86
		{D5BEC1FC-9E74-4EA4-84D8-49C8AC3A4B45}.CD_ROM|x86.Build.0 = Release|x86
		{D5BEC1FC-9E74-4EA4-84D8-49C8AC3A4B45}.Debug|Any CPU.ActiveCfg = Debug|Any CPU
		{D5BEC1FC-9E74-4EA4-84D8-49C8AC3A4B45}.Debug|Any CPU.Build.0 = Debug|Any CPU
		{D5BEC1FC-9E74-4EA4-84D8-49C8AC3A4B45}.Debug|Mixed Platforms.ActiveCfg = Debug|Any CPU
		{D5BEC1FC-9E74-4EA4-84D8-49C8AC3A4B45}.Debug|Mixed Platforms.Build.0 = Debug|Any CPU
		{D5BEC1FC-9E74-4EA4-84D8-49C8AC3A4B45}.Debug|x64.ActiveCfg = Debug|x64
		{D5BEC1FC-9E74-4EA4-84D8-49C8AC3A4B45}.Debug|x64.Build.0 = Debug|x64
		{D5BEC1FC-9E74-4EA4-84D8-49C8AC3A4B45}.Debug|x86.ActiveCfg = Debug|x86
		{D5BEC1FC-9E74-4EA4-84D8-49C8AC3A4B45}.Debug|x86.Build.0 = Debug|x86
		{D5BEC1FC-9E74-4EA4-84D8-49C8AC3A4B45}.DVD-5|Any CPU.ActiveCfg = Debug|Any CPU
		{D5BEC1FC-9E74-4EA4-84D8-49C8AC3A4B45}.DVD-5|Any CPU.Build.0 = Debug|Any CPU
		{D5BEC1FC-9E74-4EA4-84D8-49C8AC3A4B45}.DVD-5|Mixed Platforms.ActiveCfg = Debug|x86
		{D5BEC1FC-9E74-4EA4-84D8-49C8AC3A4B45}.DVD-5|Mixed Platforms.Build.0 = Debug|x86
		{D5BEC1FC-9E74-4EA4-84D8-49C8AC3A4B45}.DVD-5|x64.ActiveCfg = Debug|x64
		{D5BEC1FC-9E74-4EA4-84D8-49C8AC3A4B45}.DVD-5|x64.Build.0 = Debug|x64
		{D5BEC1FC-9E74-4EA4-84D8-49C8AC3A4B45}.DVD-5|x86.ActiveCfg = Debug|x86
		{D5BEC1FC-9E74-4EA4-84D8-49C8AC3A4B45}.DVD-5|x86.Build.0 = Debug|x86
		{D5BEC1FC-9E74-4EA4-84D8-49C8AC3A4B45}.Release|Any CPU.ActiveCfg = Release|Any CPU
		{D5BEC1FC-9E74-4EA4-84D8-49C8AC3A4B45}.Release|Any CPU.Build.0 = Release|Any CPU
		{D5BEC1FC-9E74-4EA4-84D8-49C8AC3A4B45}.Release|Mixed Platforms.ActiveCfg = Release|x64
		{D5BEC1FC-9E74-4EA4-84D8-49C8AC3A4B45}.Release|Mixed Platforms.Build.0 = Release|x64
		{D5BEC1FC-9E74-4EA4-84D8-49C8AC3A4B45}.Release|x64.ActiveCfg = Release|x64
		{D5BEC1FC-9E74-4EA4-84D8-49C8AC3A4B45}.Release|x64.Build.0 = Release|x64
		{D5BEC1FC-9E74-4EA4-84D8-49C8AC3A4B45}.Release|x86.ActiveCfg = Release|x86
		{D5BEC1FC-9E74-4EA4-84D8-49C8AC3A4B45}.Release|x86.Build.0 = Release|x86
		{D5BEC1FC-9E74-4EA4-84D8-49C8AC3A4B45}.SingleImage|Any CPU.ActiveCfg = Release|Any CPU
		{D5BEC1FC-9E74-4EA4-84D8-49C8AC3A4B45}.SingleImage|Any CPU.Build.0 = Release|Any CPU
		{D5BEC1FC-9E74-4EA4-84D8-49C8AC3A4B45}.SingleImage|Mixed Platforms.ActiveCfg = Release|x86
		{D5BEC1FC-9E74-4EA4-84D8-49C8AC3A4B45}.SingleImage|Mixed Platforms.Build.0 = Release|x86
		{D5BEC1FC-9E74-4EA4-84D8-49C8AC3A4B45}.SingleImage|x64.ActiveCfg = Release|x64
		{D5BEC1FC-9E74-4EA4-84D8-49C8AC3A4B45}.SingleImage|x64.Build.0 = Release|x64
		{D5BEC1FC-9E74-4EA4-84D8-49C8AC3A4B45}.SingleImage|x86.ActiveCfg = Release|x86
		{D5BEC1FC-9E74-4EA4-84D8-49C8AC3A4B45}.SingleImage|x86.Build.0 = Release|x86
		{E972B2B2-F549-418E-B830-FB5D97101168}.CD_ROM|Any CPU.ActiveCfg = Release|Any CPU
		{E972B2B2-F549-418E-B830-FB5D97101168}.CD_ROM|Any CPU.Build.0 = Release|Any CPU
		{E972B2B2-F549-418E-B830-FB5D97101168}.CD_ROM|Mixed Platforms.ActiveCfg = Release|Any CPU
		{E972B2B2-F549-418E-B830-FB5D97101168}.CD_ROM|Mixed Platforms.Build.0 = Release|Any CPU
		{E972B2B2-F549-418E-B830-FB5D97101168}.CD_ROM|x64.ActiveCfg = Release|Any CPU
		{E972B2B2-F549-418E-B830-FB5D97101168}.CD_ROM|x86.ActiveCfg = Release|Any CPU
		{E972B2B2-F549-418E-B830-FB5D97101168}.Debug|Any CPU.ActiveCfg = Debug|Any CPU
		{E972B2B2-F549-418E-B830-FB5D97101168}.Debug|Any CPU.Build.0 = Debug|Any CPU
		{E972B2B2-F549-418E-B830-FB5D97101168}.Debug|Mixed Platforms.ActiveCfg = Debug|Any CPU
		{E972B2B2-F549-418E-B830-FB5D97101168}.Debug|Mixed Platforms.Build.0 = Debug|Any CPU
		{E972B2B2-F549-418E-B830-FB5D97101168}.Debug|x64.ActiveCfg = Debug|Any CPU
		{E972B2B2-F549-418E-B830-FB5D97101168}.Debug|x86.ActiveCfg = Debug|Any CPU
		{E972B2B2-F549-418E-B830-FB5D97101168}.DVD-5|Any CPU.ActiveCfg = Debug|Any CPU
		{E972B2B2-F549-418E-B830-FB5D97101168}.DVD-5|Any CPU.Build.0 = Debug|Any CPU
		{E972B2B2-F549-418E-B830-FB5D97101168}.DVD-5|Mixed Platforms.ActiveCfg = Debug|Any CPU
		{E972B2B2-F549-418E-B830-FB5D97101168}.DVD-5|Mixed Platforms.Build.0 = Debug|Any CPU
		{E972B2B2-F549-418E-B830-FB5D97101168}.DVD-5|x64.ActiveCfg = Debug|Any CPU
		{E972B2B2-F549-418E-B830-FB5D97101168}.DVD-5|x86.ActiveCfg = Debug|Any CPU
		{E972B2B2-F549-418E-B830-FB5D97101168}.Release|Any CPU.ActiveCfg = Release|Any CPU
		{E972B2B2-F549-418E-B830-FB5D97101168}.Release|Any CPU.Build.0 = Release|Any CPU
		{E972B2B2-F549-418E-B830-FB5D97101168}.Release|Mixed Platforms.ActiveCfg = Release|Any CPU
		{E972B2B2-F549-418E-B830-FB5D97101168}.Release|Mixed Platforms.Build.0 = Release|Any CPU
		{E972B2B2-F549-418E-B830-FB5D97101168}.Release|x64.ActiveCfg = Release|Any CPU
		{E972B2B2-F549-418E-B830-FB5D97101168}.Release|x86.ActiveCfg = Release|Any CPU
		{E972B2B2-F549-418E-B830-FB5D97101168}.Release|x86.Build.0 = Release|Any CPU
		{E972B2B2-F549-418E-B830-FB5D97101168}.SingleImage|Any CPU.ActiveCfg = Release|Any CPU
		{E972B2B2-F549-418E-B830-FB5D97101168}.SingleImage|Any CPU.Build.0 = Release|Any CPU
		{E972B2B2-F549-418E-B830-FB5D97101168}.SingleImage|Mixed Platforms.ActiveCfg = Release|Any CPU
		{E972B2B2-F549-418E-B830-FB5D97101168}.SingleImage|Mixed Platforms.Build.0 = Release|Any CPU
		{E972B2B2-F549-418E-B830-FB5D97101168}.SingleImage|x64.ActiveCfg = Release|Any CPU
		{E972B2B2-F549-418E-B830-FB5D97101168}.SingleImage|x86.ActiveCfg = Release|Any CPU
		{3A338206-75A9-419B-BCDE-802F714767F6}.CD_ROM|Any CPU.ActiveCfg = Release|Any CPU
		{3A338206-75A9-419B-BCDE-802F714767F6}.CD_ROM|Any CPU.Build.0 = Release|Any CPU
		{3A338206-75A9-419B-BCDE-802F714767F6}.CD_ROM|Mixed Platforms.ActiveCfg = Release|Any CPU
		{3A338206-75A9-419B-BCDE-802F714767F6}.CD_ROM|Mixed Platforms.Build.0 = Release|Any CPU
		{3A338206-75A9-419B-BCDE-802F714767F6}.CD_ROM|x64.ActiveCfg = Release|Any CPU
		{3A338206-75A9-419B-BCDE-802F714767F6}.CD_ROM|x86.ActiveCfg = Release|Any CPU
		{3A338206-75A9-419B-BCDE-802F714767F6}.Debug|Any CPU.ActiveCfg = Debug|Any CPU
		{3A338206-75A9-419B-BCDE-802F714767F6}.Debug|Any CPU.Build.0 = Debug|Any CPU
		{3A338206-75A9-419B-BCDE-802F714767F6}.Debug|Mixed Platforms.ActiveCfg = Debug|Any CPU
		{3A338206-75A9-419B-BCDE-802F714767F6}.Debug|Mixed Platforms.Build.0 = Debug|Any CPU
		{3A338206-75A9-419B-BCDE-802F714767F6}.Debug|x64.ActiveCfg = Debug|Any CPU
		{3A338206-75A9-419B-BCDE-802F714767F6}.Debug|x86.ActiveCfg = Debug|Any CPU
		{3A338206-75A9-419B-BCDE-802F714767F6}.DVD-5|Any CPU.ActiveCfg = Debug|Any CPU
		{3A338206-75A9-419B-BCDE-802F714767F6}.DVD-5|Any CPU.Build.0 = Debug|Any CPU
		{3A338206-75A9-419B-BCDE-802F714767F6}.DVD-5|Mixed Platforms.ActiveCfg = Debug|Any CPU
		{3A338206-75A9-419B-BCDE-802F714767F6}.DVD-5|Mixed Platforms.Build.0 = Debug|Any CPU
		{3A338206-75A9-419B-BCDE-802F714767F6}.DVD-5|x64.ActiveCfg = Debug|Any CPU
		{3A338206-75A9-419B-BCDE-802F714767F6}.DVD-5|x86.ActiveCfg = Debug|Any CPU
		{3A338206-75A9-419B-BCDE-802F714767F6}.Release|Any CPU.ActiveCfg = Release|Any CPU
		{3A338206-75A9-419B-BCDE-802F714767F6}.Release|Mixed Platforms.ActiveCfg = Release|Any CPU
		{3A338206-75A9-419B-BCDE-802F714767F6}.Release|Mixed Platforms.Build.0 = Release|Any CPU
		{3A338206-75A9-419B-BCDE-802F714767F6}.Release|x64.ActiveCfg = Release|Any CPU
		{3A338206-75A9-419B-BCDE-802F714767F6}.Release|x86.ActiveCfg = Release|Any CPU
		{3A338206-75A9-419B-BCDE-802F714767F6}.Release|x86.Build.0 = Release|Any CPU
		{3A338206-75A9-419B-BCDE-802F714767F6}.SingleImage|Any CPU.ActiveCfg = Release|Any CPU
		{3A338206-75A9-419B-BCDE-802F714767F6}.SingleImage|Any CPU.Build.0 = Release|Any CPU
		{3A338206-75A9-419B-BCDE-802F714767F6}.SingleImage|Mixed Platforms.ActiveCfg = Release|Any CPU
		{3A338206-75A9-419B-BCDE-802F714767F6}.SingleImage|Mixed Platforms.Build.0 = Release|Any CPU
		{3A338206-75A9-419B-BCDE-802F714767F6}.SingleImage|x64.ActiveCfg = Release|Any CPU
		{3A338206-75A9-419B-BCDE-802F714767F6}.SingleImage|x86.ActiveCfg = Release|Any CPU
		{4404AE57-C407-4585-8F91-F51C10BAC66F}.CD_ROM|Any CPU.ActiveCfg = Release|Any CPU
		{4404AE57-C407-4585-8F91-F51C10BAC66F}.CD_ROM|Any CPU.Build.0 = Release|Any CPU
		{4404AE57-C407-4585-8F91-F51C10BAC66F}.CD_ROM|Mixed Platforms.ActiveCfg = Release|Any CPU
		{4404AE57-C407-4585-8F91-F51C10BAC66F}.CD_ROM|Mixed Platforms.Build.0 = Release|Any CPU
		{4404AE57-C407-4585-8F91-F51C10BAC66F}.CD_ROM|x64.ActiveCfg = Release|Any CPU
		{4404AE57-C407-4585-8F91-F51C10BAC66F}.CD_ROM|x86.ActiveCfg = Release|Any CPU
		{4404AE57-C407-4585-8F91-F51C10BAC66F}.Debug|Any CPU.ActiveCfg = Debug|Any CPU
		{4404AE57-C407-4585-8F91-F51C10BAC66F}.Debug|Any CPU.Build.0 = Debug|Any CPU
		{4404AE57-C407-4585-8F91-F51C10BAC66F}.Debug|Mixed Platforms.ActiveCfg = Debug|Any CPU
		{4404AE57-C407-4585-8F91-F51C10BAC66F}.Debug|Mixed Platforms.Build.0 = Debug|Any CPU
		{4404AE57-C407-4585-8F91-F51C10BAC66F}.Debug|x64.ActiveCfg = Debug|Any CPU
		{4404AE57-C407-4585-8F91-F51C10BAC66F}.Debug|x86.ActiveCfg = Debug|Any CPU
		{4404AE57-C407-4585-8F91-F51C10BAC66F}.DVD-5|Any CPU.ActiveCfg = Debug|Any CPU
		{4404AE57-C407-4585-8F91-F51C10BAC66F}.DVD-5|Any CPU.Build.0 = Debug|Any CPU
		{4404AE57-C407-4585-8F91-F51C10BAC66F}.DVD-5|Mixed Platforms.ActiveCfg = Debug|Any CPU
		{4404AE57-C407-4585-8F91-F51C10BAC66F}.DVD-5|Mixed Platforms.Build.0 = Debug|Any CPU
		{4404AE57-C407-4585-8F91-F51C10BAC66F}.DVD-5|x64.ActiveCfg = Debug|Any CPU
		{4404AE57-C407-4585-8F91-F51C10BAC66F}.DVD-5|x86.ActiveCfg = Debug|Any CPU
		{4404AE57-C407-4585-8F91-F51C10BAC66F}.Release|Any CPU.ActiveCfg = Release|Any CPU
		{4404AE57-C407-4585-8F91-F51C10BAC66F}.Release|Any CPU.Build.0 = Release|Any CPU
		{4404AE57-C407-4585-8F91-F51C10BAC66F}.Release|Mixed Platforms.ActiveCfg = Release|Any CPU
		{4404AE57-C407-4585-8F91-F51C10BAC66F}.Release|Mixed Platforms.Build.0 = Release|Any CPU
		{4404AE57-C407-4585-8F91-F51C10BAC66F}.Release|x64.ActiveCfg = Release|Any CPU
		{4404AE57-C407-4585-8F91-F51C10BAC66F}.Release|x86.ActiveCfg = Release|Any CPU
		{4404AE57-C407-4585-8F91-F51C10BAC66F}.Release|x86.Build.0 = Release|Any CPU
		{4404AE57-C407-4585-8F91-F51C10BAC66F}.SingleImage|Any CPU.ActiveCfg = Release|Any CPU
		{4404AE57-C407-4585-8F91-F51C10BAC66F}.SingleImage|Any CPU.Build.0 = Release|Any CPU
		{4404AE57-C407-4585-8F91-F51C10BAC66F}.SingleImage|Mixed Platforms.ActiveCfg = Release|Any CPU
		{4404AE57-C407-4585-8F91-F51C10BAC66F}.SingleImage|Mixed Platforms.Build.0 = Release|Any CPU
		{4404AE57-C407-4585-8F91-F51C10BAC66F}.SingleImage|x64.ActiveCfg = Release|Any CPU
		{4404AE57-C407-4585-8F91-F51C10BAC66F}.SingleImage|x86.ActiveCfg = Release|Any CPU
		{8032CEF7-29D1-4C28-830B-D055455BD350}.CD_ROM|Any CPU.ActiveCfg = Release|Any CPU
		{8032CEF7-29D1-4C28-830B-D055455BD350}.CD_ROM|Any CPU.Build.0 = Release|Any CPU
		{8032CEF7-29D1-4C28-830B-D055455BD350}.CD_ROM|Mixed Platforms.ActiveCfg = Release|Any CPU
		{8032CEF7-29D1-4C28-830B-D055455BD350}.CD_ROM|Mixed Platforms.Build.0 = Release|Any CPU
		{8032CEF7-29D1-4C28-830B-D055455BD350}.CD_ROM|x64.ActiveCfg = Release|Any CPU
		{8032CEF7-29D1-4C28-830B-D055455BD350}.CD_ROM|x86.ActiveCfg = Release|Any CPU
		{8032CEF7-29D1-4C28-830B-D055455BD350}.Debug|Any CPU.ActiveCfg = Debug|Any CPU
		{8032CEF7-29D1-4C28-830B-D055455BD350}.Debug|Any CPU.Build.0 = Debug|Any CPU
		{8032CEF7-29D1-4C28-830B-D055455BD350}.Debug|Mixed Platforms.ActiveCfg = Debug|Any CPU
		{8032CEF7-29D1-4C28-830B-D055455BD350}.Debug|Mixed Platforms.Build.0 = Debug|Any CPU
		{8032CEF7-29D1-4C28-830B-D055455BD350}.Debug|x64.ActiveCfg = Debug|Any CPU
		{8032CEF7-29D1-4C28-830B-D055455BD350}.Debug|x86.ActiveCfg = Debug|Any CPU
		{8032CEF7-29D1-4C28-830B-D055455BD350}.DVD-5|Any CPU.ActiveCfg = Debug|Any CPU
		{8032CEF7-29D1-4C28-830B-D055455BD350}.DVD-5|Any CPU.Build.0 = Debug|Any CPU
		{8032CEF7-29D1-4C28-830B-D055455BD350}.DVD-5|Mixed Platforms.ActiveCfg = Debug|Any CPU
		{8032CEF7-29D1-4C28-830B-D055455BD350}.DVD-5|Mixed Platforms.Build.0 = Debug|Any CPU
		{8032CEF7-29D1-4C28-830B-D055455BD350}.DVD-5|x64.ActiveCfg = Debug|Any CPU
		{8032CEF7-29D1-4C28-830B-D055455BD350}.DVD-5|x86.ActiveCfg = Debug|Any CPU
		{8032CEF7-29D1-4C28-830B-D055455BD350}.Release|Any CPU.ActiveCfg = Release|Any CPU
		{8032CEF7-29D1-4C28-830B-D055455BD350}.Release|Any CPU.Build.0 = Release|Any CPU
		{8032CEF7-29D1-4C28-830B-D055455BD350}.Release|Mixed Platforms.ActiveCfg = Release|Any CPU
		{8032CEF7-29D1-4C28-830B-D055455BD350}.Release|Mixed Platforms.Build.0 = Release|Any CPU
		{8032CEF7-29D1-4C28-830B-D055455BD350}.Release|x64.ActiveCfg = Release|Any CPU
		{8032CEF7-29D1-4C28-830B-D055455BD350}.Release|x86.ActiveCfg = Release|Any CPU
		{8032CEF7-29D1-4C28-830B-D055455BD350}.Release|x86.Build.0 = Release|Any CPU
		{8032CEF7-29D1-4C28-830B-D055455BD350}.SingleImage|Any CPU.ActiveCfg = Release|Any CPU
		{8032CEF7-29D1-4C28-830B-D055455BD350}.SingleImage|Any CPU.Build.0 = Release|Any CPU
		{8032CEF7-29D1-4C28-830B-D055455BD350}.SingleImage|Mixed Platforms.ActiveCfg = Release|Any CPU
		{8032CEF7-29D1-4C28-830B-D055455BD350}.SingleImage|Mixed Platforms.Build.0 = Release|Any CPU
		{8032CEF7-29D1-4C28-830B-D055455BD350}.SingleImage|x64.ActiveCfg = Release|Any CPU
		{8032CEF7-29D1-4C28-830B-D055455BD350}.SingleImage|x86.ActiveCfg = Release|Any CPU
		{B633166C-5CA2-407E-AB81-E36A4FF6B47B}.CD_ROM|Any CPU.ActiveCfg = Release|Any CPU
		{B633166C-5CA2-407E-AB81-E36A4FF6B47B}.CD_ROM|Any CPU.Build.0 = Release|Any CPU
		{B633166C-5CA2-407E-AB81-E36A4FF6B47B}.CD_ROM|Mixed Platforms.ActiveCfg = Release|Any CPU
		{B633166C-5CA2-407E-AB81-E36A4FF6B47B}.CD_ROM|Mixed Platforms.Build.0 = Release|Any CPU
		{B633166C-5CA2-407E-AB81-E36A4FF6B47B}.CD_ROM|x64.ActiveCfg = Release|Any CPU
		{B633166C-5CA2-407E-AB81-E36A4FF6B47B}.CD_ROM|x86.ActiveCfg = Release|Any CPU
		{B633166C-5CA2-407E-AB81-E36A4FF6B47B}.Debug|Any CPU.ActiveCfg = Debug|Any CPU
		{B633166C-5CA2-407E-AB81-E36A4FF6B47B}.Debug|Any CPU.Build.0 = Debug|Any CPU
		{B633166C-5CA2-407E-AB81-E36A4FF6B47B}.Debug|Mixed Platforms.ActiveCfg = Debug|Any CPU
		{B633166C-5CA2-407E-AB81-E36A4FF6B47B}.Debug|Mixed Platforms.Build.0 = Debug|Any CPU
		{B633166C-5CA2-407E-AB81-E36A4FF6B47B}.Debug|x64.ActiveCfg = Debug|Any CPU
		{B633166C-5CA2-407E-AB81-E36A4FF6B47B}.Debug|x86.ActiveCfg = Debug|Any CPU
		{B633166C-5CA2-407E-AB81-E36A4FF6B47B}.DVD-5|Any CPU.ActiveCfg = Debug|Any CPU
		{B633166C-5CA2-407E-AB81-E36A4FF6B47B}.DVD-5|Any CPU.Build.0 = Debug|Any CPU
		{B633166C-5CA2-407E-AB81-E36A4FF6B47B}.DVD-5|Mixed Platforms.ActiveCfg = Debug|Any CPU
		{B633166C-5CA2-407E-AB81-E36A4FF6B47B}.DVD-5|Mixed Platforms.Build.0 = Debug|Any CPU
		{B633166C-5CA2-407E-AB81-E36A4FF6B47B}.DVD-5|x64.ActiveCfg = Debug|Any CPU
		{B633166C-5CA2-407E-AB81-E36A4FF6B47B}.DVD-5|x86.ActiveCfg = Debug|Any CPU
		{B633166C-5CA2-407E-AB81-E36A4FF6B47B}.Release|Any CPU.ActiveCfg = Release|Any CPU
		{B633166C-5CA2-407E-AB81-E36A4FF6B47B}.Release|Any CPU.Build.0 = Release|Any CPU
		{B633166C-5CA2-407E-AB81-E36A4FF6B47B}.Release|Mixed Platforms.ActiveCfg = Release|Any CPU
		{B633166C-5CA2-407E-AB81-E36A4FF6B47B}.Release|Mixed Platforms.Build.0 = Release|Any CPU
		{B633166C-5CA2-407E-AB81-E36A4FF6B47B}.Release|x64.ActiveCfg = Release|Any CPU
		{B633166C-5CA2-407E-AB81-E36A4FF6B47B}.Release|x86.ActiveCfg = Release|Any CPU
		{B633166C-5CA2-407E-AB81-E36A4FF6B47B}.Release|x86.Build.0 = Release|Any CPU
		{B633166C-5CA2-407E-AB81-E36A4FF6B47B}.SingleImage|Any CPU.ActiveCfg = Release|Any CPU
		{B633166C-5CA2-407E-AB81-E36A4FF6B47B}.SingleImage|Any CPU.Build.0 = Release|Any CPU
		{B633166C-5CA2-407E-AB81-E36A4FF6B47B}.SingleImage|Mixed Platforms.ActiveCfg = Release|Any CPU
		{B633166C-5CA2-407E-AB81-E36A4FF6B47B}.SingleImage|Mixed Platforms.Build.0 = Release|Any CPU
		{B633166C-5CA2-407E-AB81-E36A4FF6B47B}.SingleImage|x64.ActiveCfg = Release|Any CPU
		{B633166C-5CA2-407E-AB81-E36A4FF6B47B}.SingleImage|x86.ActiveCfg = Release|Any CPU
		{B690CB18-0DC5-4C20-AEB3-F9F4B55B4601}.CD_ROM|Any CPU.ActiveCfg = Release|Any CPU
		{B690CB18-0DC5-4C20-AEB3-F9F4B55B4601}.CD_ROM|Any CPU.Build.0 = Release|Any CPU
		{B690CB18-0DC5-4C20-AEB3-F9F4B55B4601}.CD_ROM|Mixed Platforms.ActiveCfg = Release|x86
		{B690CB18-0DC5-4C20-AEB3-F9F4B55B4601}.CD_ROM|Mixed Platforms.Build.0 = Release|x86
		{B690CB18-0DC5-4C20-AEB3-F9F4B55B4601}.CD_ROM|x64.ActiveCfg = Release|Any CPU
		{B690CB18-0DC5-4C20-AEB3-F9F4B55B4601}.CD_ROM|x86.ActiveCfg = Release|x86
		{B690CB18-0DC5-4C20-AEB3-F9F4B55B4601}.CD_ROM|x86.Build.0 = Release|x86
		{B690CB18-0DC5-4C20-AEB3-F9F4B55B4601}.Debug|Any CPU.ActiveCfg = Debug|Any CPU
		{B690CB18-0DC5-4C20-AEB3-F9F4B55B4601}.Debug|Any CPU.Build.0 = Debug|Any CPU
		{B690CB18-0DC5-4C20-AEB3-F9F4B55B4601}.Debug|Mixed Platforms.ActiveCfg = Debug|x86
		{B690CB18-0DC5-4C20-AEB3-F9F4B55B4601}.Debug|Mixed Platforms.Build.0 = Debug|x86
		{B690CB18-0DC5-4C20-AEB3-F9F4B55B4601}.Debug|x64.ActiveCfg = Debug|Any CPU
		{B690CB18-0DC5-4C20-AEB3-F9F4B55B4601}.Debug|x86.ActiveCfg = Debug|x86
		{B690CB18-0DC5-4C20-AEB3-F9F4B55B4601}.Debug|x86.Build.0 = Debug|x86
		{B690CB18-0DC5-4C20-AEB3-F9F4B55B4601}.DVD-5|Any CPU.ActiveCfg = Debug|Any CPU
		{B690CB18-0DC5-4C20-AEB3-F9F4B55B4601}.DVD-5|Any CPU.Build.0 = Debug|Any CPU
		{B690CB18-0DC5-4C20-AEB3-F9F4B55B4601}.DVD-5|Mixed Platforms.ActiveCfg = Debug|x86
		{B690CB18-0DC5-4C20-AEB3-F9F4B55B4601}.DVD-5|Mixed Platforms.Build.0 = Debug|x86
		{B690CB18-0DC5-4C20-AEB3-F9F4B55B4601}.DVD-5|x64.ActiveCfg = Debug|Any CPU
		{B690CB18-0DC5-4C20-AEB3-F9F4B55B4601}.DVD-5|x86.ActiveCfg = Debug|x86
		{B690CB18-0DC5-4C20-AEB3-F9F4B55B4601}.DVD-5|x86.Build.0 = Debug|x86
		{B690CB18-0DC5-4C20-AEB3-F9F4B55B4601}.Release|Any CPU.ActiveCfg = Release|Any CPU
		{B690CB18-0DC5-4C20-AEB3-F9F4B55B4601}.Release|Any CPU.Build.0 = Release|Any CPU
		{B690CB18-0DC5-4C20-AEB3-F9F4B55B4601}.Release|Mixed Platforms.ActiveCfg = Release|x86
		{B690CB18-0DC5-4C20-AEB3-F9F4B55B4601}.Release|Mixed Platforms.Build.0 = Release|x86
		{B690CB18-0DC5-4C20-AEB3-F9F4B55B4601}.Release|x64.ActiveCfg = Release|Any CPU
		{B690CB18-0DC5-4C20-AEB3-F9F4B55B4601}.Release|x86.ActiveCfg = Release|x86
		{B690CB18-0DC5-4C20-AEB3-F9F4B55B4601}.Release|x86.Build.0 = Release|x86
		{B690CB18-0DC5-4C20-AEB3-F9F4B55B4601}.SingleImage|Any CPU.ActiveCfg = Release|Any CPU
		{B690CB18-0DC5-4C20-AEB3-F9F4B55B4601}.SingleImage|Any CPU.Build.0 = Release|Any CPU
		{B690CB18-0DC5-4C20-AEB3-F9F4B55B4601}.SingleImage|Mixed Platforms.ActiveCfg = Release|x86
		{B690CB18-0DC5-4C20-AEB3-F9F4B55B4601}.SingleImage|Mixed Platforms.Build.0 = Release|x86
		{B690CB18-0DC5-4C20-AEB3-F9F4B55B4601}.SingleImage|x64.ActiveCfg = Release|Any CPU
		{B690CB18-0DC5-4C20-AEB3-F9F4B55B4601}.SingleImage|x86.ActiveCfg = Release|x86
		{B690CB18-0DC5-4C20-AEB3-F9F4B55B4601}.SingleImage|x86.Build.0 = Release|x86
		{A732FB3F-E50F-47FD-A3E7-CB6B4A3E57AF}.CD_ROM|Any CPU.ActiveCfg = Release|Any CPU
		{A732FB3F-E50F-47FD-A3E7-CB6B4A3E57AF}.CD_ROM|Any CPU.Build.0 = Release|Any CPU
		{A732FB3F-E50F-47FD-A3E7-CB6B4A3E57AF}.CD_ROM|Mixed Platforms.ActiveCfg = Release|x86
		{A732FB3F-E50F-47FD-A3E7-CB6B4A3E57AF}.CD_ROM|Mixed Platforms.Build.0 = Release|x86
		{A732FB3F-E50F-47FD-A3E7-CB6B4A3E57AF}.CD_ROM|x64.ActiveCfg = Release|Any CPU
		{A732FB3F-E50F-47FD-A3E7-CB6B4A3E57AF}.CD_ROM|x86.ActiveCfg = Release|x86
		{A732FB3F-E50F-47FD-A3E7-CB6B4A3E57AF}.CD_ROM|x86.Build.0 = Release|x86
		{A732FB3F-E50F-47FD-A3E7-CB6B4A3E57AF}.Debug|Any CPU.ActiveCfg = Debug|Any CPU
		{A732FB3F-E50F-47FD-A3E7-CB6B4A3E57AF}.Debug|Any CPU.Build.0 = Debug|Any CPU
		{A732FB3F-E50F-47FD-A3E7-CB6B4A3E57AF}.Debug|Mixed Platforms.ActiveCfg = Debug|x86
		{A732FB3F-E50F-47FD-A3E7-CB6B4A3E57AF}.Debug|Mixed Platforms.Build.0 = Debug|x86
		{A732FB3F-E50F-47FD-A3E7-CB6B4A3E57AF}.Debug|x64.ActiveCfg = Debug|Any CPU
		{A732FB3F-E50F-47FD-A3E7-CB6B4A3E57AF}.Debug|x86.ActiveCfg = Debug|x86
		{A732FB3F-E50F-47FD-A3E7-CB6B4A3E57AF}.Debug|x86.Build.0 = Debug|x86
		{A732FB3F-E50F-47FD-A3E7-CB6B4A3E57AF}.DVD-5|Any CPU.ActiveCfg = Debug|Any CPU
		{A732FB3F-E50F-47FD-A3E7-CB6B4A3E57AF}.DVD-5|Any CPU.Build.0 = Debug|Any CPU
		{A732FB3F-E50F-47FD-A3E7-CB6B4A3E57AF}.DVD-5|Mixed Platforms.ActiveCfg = Debug|x86
		{A732FB3F-E50F-47FD-A3E7-CB6B4A3E57AF}.DVD-5|Mixed Platforms.Build.0 = Debug|x86
		{A732FB3F-E50F-47FD-A3E7-CB6B4A3E57AF}.DVD-5|x64.ActiveCfg = Debug|Any CPU
		{A732FB3F-E50F-47FD-A3E7-CB6B4A3E57AF}.DVD-5|x86.ActiveCfg = Debug|x86
		{A732FB3F-E50F-47FD-A3E7-CB6B4A3E57AF}.DVD-5|x86.Build.0 = Debug|x86
		{A732FB3F-E50F-47FD-A3E7-CB6B4A3E57AF}.Release|Any CPU.ActiveCfg = Release|Any CPU
		{A732FB3F-E50F-47FD-A3E7-CB6B4A3E57AF}.Release|Any CPU.Build.0 = Release|Any CPU
		{A732FB3F-E50F-47FD-A3E7-CB6B4A3E57AF}.Release|Mixed Platforms.ActiveCfg = Release|x86
		{A732FB3F-E50F-47FD-A3E7-CB6B4A3E57AF}.Release|Mixed Platforms.Build.0 = Release|x86
		{A732FB3F-E50F-47FD-A3E7-CB6B4A3E57AF}.Release|x64.ActiveCfg = Release|Any CPU
		{A732FB3F-E50F-47FD-A3E7-CB6B4A3E57AF}.Release|x86.ActiveCfg = Release|x86
		{A732FB3F-E50F-47FD-A3E7-CB6B4A3E57AF}.Release|x86.Build.0 = Release|x86
		{A732FB3F-E50F-47FD-A3E7-CB6B4A3E57AF}.SingleImage|Any CPU.ActiveCfg = Release|Any CPU
		{A732FB3F-E50F-47FD-A3E7-CB6B4A3E57AF}.SingleImage|Any CPU.Build.0 = Release|Any CPU
		{A732FB3F-E50F-47FD-A3E7-CB6B4A3E57AF}.SingleImage|Mixed Platforms.ActiveCfg = Release|x86
		{A732FB3F-E50F-47FD-A3E7-CB6B4A3E57AF}.SingleImage|Mixed Platforms.Build.0 = Release|x86
		{A732FB3F-E50F-47FD-A3E7-CB6B4A3E57AF}.SingleImage|x64.ActiveCfg = Release|Any CPU
		{A732FB3F-E50F-47FD-A3E7-CB6B4A3E57AF}.SingleImage|x86.ActiveCfg = Release|x86
		{A732FB3F-E50F-47FD-A3E7-CB6B4A3E57AF}.SingleImage|x86.Build.0 = Release|x86
	EndGlobalSection
	GlobalSection(SolutionProperties) = preSolution
		HideSolutionNode = FALSE
	EndGlobalSection
EndGlobal
