
Microsoft Visual Studio Solution File, Format Version 12.00
# Visual Studio 2013
VisualStudioVersion = 12.0.30110.0
MinimumVisualStudioVersion = 10.0.40219.1
Project("{FAE04EC0-301F-11D3-BF4B-00C04F79EFBC}") = "SqlEditor", "SqlEditor\SqlEditor.csproj", "{D5BEC1FC-9E74-4EA4-84D8-49C8AC3A4B45}"
EndProject
Project("{FAE04EC0-301F-11D3-BF4B-00C04F79EFBC}") = "SqlEditor.SqlParser", "SqlEditor.SqlParser\SqlEditor.SqlParser.csproj", "{E972B2B2-F549-418E-B830-FB5D97101168}"
EndProject
Project("{FAE04EC0-301F-11D3-BF4B-00C04F79EFBC}") = "Utilities", "Utilities\Utilities.csproj", "{4404AE57-C407-4585-8F91-F51C10BAC66F}"
EndProject
Project("{FAE04EC0-301F-11D3-BF4B-00C04F79EFBC}") = "Utilities.InfragisticsUtilities", "Utilities.Infragistics\Utilities.InfragisticsUtilities.csproj", "{8032CEF7-29D1-4C28-830B-D055455BD350}"
EndProject
Project("{2150E333-8FDC-42A3-9474-1A3956D46DE8}") = "Solution Items", "Solution Items", "{91EB4DD2-A283-4493-9699-6CF29F71CD48}"
EndProject
Project("{6141683F-8A12-4E36-9623-2EB02B2C2303}") = "SqlEditor.Setup", "SqlEditor.Setup\SqlEditor.Setup.isproj", "{5FDFFFD6-D30E-4843-AF85-E8A598FBDE64}"
	ProjectSection(ProjectDependencies) = postProject
		{4404AE57-C407-4585-8F91-F51C10BAC66F} = {4404AE57-C407-4585-8F91-F51C10BAC66F}
		{E972B2B2-F549-418E-B830-FB5D97101168} = {E972B2B2-F549-418E-B830-FB5D97101168}
		{8032CEF7-29D1-4C28-830B-D055455BD350} = {8032CEF7-29D1-4C28-830B-D055455BD350}
		{D5BEC1FC-9E74-4EA4-84D8-49C8AC3A4B45} = {D5BEC1FC-9E74-4EA4-84D8-49C8AC3A4B45}
	EndProjectSection
EndProject
Global
	GlobalSection(SolutionConfigurationPlatforms) = preSolution
		CD_ROM|Any CPU = CD_ROM|Any CPU
		CD_ROM|Mixed Platforms = CD_ROM|Mixed Platforms
		CD_ROM|x64 = CD_ROM|x64
		CD_ROM|x86 = CD_ROM|x86
		Debug|Any CPU = Debug|Any CPU
		Debug|Mixed Platforms = Debug|Mixed Platforms
		Debug|x64 = Debug|x64
		Debug|x86 = Debug|x86
		DVD-5|Any CPU = DVD-5|Any CPU
		DVD-5|Mixed Platforms = DVD-5|Mixed Platforms
		DVD-5|x64 = DVD-5|x64
		DVD-5|x86 = DVD-5|x86
		Release|Any CPU = Release|Any CPU
		Release|Mixed Platforms = Release|Mixed Platforms
		Release|x64 = Release|x64
		Release|x86 = Release|x86
		SingleImage|Any CPU = SingleImage|Any CPU
		SingleImage|Mixed Platforms = SingleImage|Mixed Platforms
		SingleImage|x64 = SingleImage|x64
		SingleImage|x86 = SingleImage|x86
	EndGlobalSection
	GlobalSection(ProjectConfigurationPlatforms) = postSolution
		{D5BEC1FC-9E74-4EA4-84D8-49C8AC3A4B45}.CD_ROM|Any CPU.ActiveCfg = Release|Any CPU
		{D5BEC1FC-9E74-4EA4-84D8-49C8AC3A4B45}.CD_ROM|Any CPU.Build.0 = Release|Any CPU
		{D5BEC1FC-9E74-4EA4-84D8-49C8AC3A4B45}.CD_ROM|Mixed Platforms.ActiveCfg = Release|x86
		{D5BEC1FC-9E74-4EA4-84D8-49C8AC3A4B45}.CD_ROM|Mixed Platforms.Build.0 = Release|x86
		{D5BEC1FC-9E74-4EA4-84D8-49C8AC3A4B45}.CD_ROM|x64.ActiveCfg = Release|x64
		{D5BEC1FC-9E74-4EA4-84D8-49C8AC3A4B45}.CD_ROM|x64.Build.0 = Release|x64
		{D5BEC1FC-9E74-4EA4-84D8-49C8AC3A4B45}.CD_ROM|x86.ActiveCfg = Release|x86
		{D5BEC1FC-9E74-4EA4-84D8-49C8AC3A4B45}.CD_ROM|x86.Build.0 = Release|x86
		{D5BEC1FC-9E74-4EA4-84D8-49C8AC3A4B45}.Debug|Any CPU.ActiveCfg = Debug|Any CPU
		{D5BEC1FC-9E74-4EA4-84D8-49C8AC3A4B45}.Debug|Any CPU.Build.0 = Debug|Any CPU
		{D5BEC1FC-9E74-4EA4-84D8-49C8AC3A4B45}.Debug|Mixed Platforms.ActiveCfg = Debug|Any CPU
		{D5BEC1FC-9E74-4EA4-84D8-49C8AC3A4B45}.Debug|Mixed Platforms.Build.0 = Debug|Any CPU
		{D5BEC1FC-9E74-4EA4-84D8-49C8AC3A4B45}.Debug|x64.ActiveCfg = Debug|x64
		{D5BEC1FC-9E74-4EA4-84D8-49C8AC3A4B45}.Debug|x64.Build.0 = Debug|x64
		{D5BEC1FC-9E74-4EA4-84D8-49C8AC3A4B45}.Debug|x86.ActiveCfg = Debug|x86
		{D5BEC1FC-9E74-4EA4-84D8-49C8AC3A4B45}.Debug|x86.Build.0 = Debug|x86
		{D5BEC1FC-9E74-4EA4-84D8-49C8AC3A4B45}.DVD-5|Any CPU.ActiveCfg = Debug|Any CPU
		{D5BEC1FC-9E74-4EA4-84D8-49C8AC3A4B45}.DVD-5|Any CPU.Build.0 = Debug|Any CPU
		{D5BEC1FC-9E74-4EA4-84D8-49C8AC3A4B45}.DVD-5|Mixed Platforms.ActiveCfg = Debug|x86
		{D5BEC1FC-9E74-4EA4-84D8-49C8AC3A4B45}.DVD-5|Mixed Platforms.Build.0 = Debug|x86
		{D5BEC1FC-9E74-4EA4-84D8-49C8AC3A4B45}.DVD-5|x64.ActiveCfg = Debug|x64
		{D5BEC1FC-9E74-4EA4-84D8-49C8AC3A4B45}.DVD-5|x64.Build.0 = Debug|x64
		{D5BEC1FC-9E74-4EA4-84D8-49C8AC3A4B45}.DVD-5|x86.ActiveCfg = Debug|x86
		{D5BEC1FC-9E74-4EA4-84D8-49C8AC3A4B45}.DVD-5|x86.Build.0 = Debug|x86
		{D5BEC1FC-9E74-4EA4-84D8-49C8AC3A4B45}.Release|Any CPU.ActiveCfg = Release|Any CPU
		{D5BEC1FC-9E74-4EA4-84D8-49C8AC3A4B45}.Release|Any CPU.Build.0 = Release|Any CPU
		{D5BEC1FC-9E74-4EA4-84D8-49C8AC3A4B45}.Release|Mixed Platforms.ActiveCfg = Release|x64
		{D5BEC1FC-9E74-4EA4-84D8-49C8AC3A4B45}.Release|Mixed Platforms.Build.0 = Release|x64
		{D5BEC1FC-9E74-4EA4-84D8-49C8AC3A4B45}.Release|x64.ActiveCfg = Release|x64
		{D5BEC1FC-9E74-4EA4-84D8-49C8AC3A4B45}.Release|x64.Build.0 = Release|x64
		{D5BEC1FC-9E74-4EA4-84D8-49C8AC3A4B45}.Release|x86.ActiveCfg = Release|x86
		{D5BEC1FC-9E74-4EA4-84D8-49C8AC3A4B45}.Release|x86.Build.0 = Release|x86
		{D5BEC1FC-9E74-4EA4-84D8-49C8AC3A4B45}.SingleImage|Any CPU.ActiveCfg = Release|Any CPU
		{D5BEC1FC-9E74-4EA4-84D8-49C8AC3A4B45}.SingleImage|Any CPU.Build.0 = Release|Any CPU
		{D5BEC1FC-9E74-4EA4-84D8-49C8AC3A4B45}.SingleImage|Mixed Platforms.ActiveCfg = Release|x86
		{D5BEC1FC-9E74-4EA4-84D8-49C8AC3A4B45}.SingleImage|Mixed Platforms.Build.0 = Release|x86
		{D5BEC1FC-9E74-4EA4-84D8-49C8AC3A4B45}.SingleImage|x64.ActiveCfg = Release|x64
		{D5BEC1FC-9E74-4EA4-84D8-49C8AC3A4B45}.SingleImage|x64.Build.0 = Release|x64
		{D5BEC1FC-9E74-4EA4-84D8-49C8AC3A4B45}.SingleImage|x86.ActiveCfg = Release|x86
		{D5BEC1FC-9E74-4EA4-84D8-49C8AC3A4B45}.SingleImage|x86.Build.0 = Release|x86
		{E972B2B2-F549-418E-B830-FB5D97101168}.CD_ROM|Any CPU.ActiveCfg = Release|Any CPU
		{E972B2B2-F549-418E-B830-FB5D97101168}.CD_ROM|Any CPU.Build.0 = Release|Any CPU
		{E972B2B2-F549-418E-B830-FB5D97101168}.CD_ROM|Mixed Platforms.ActiveCfg = Release|Any CPU
		{E972B2B2-F549-418E-B830-FB5D97101168}.CD_ROM|Mixed Platforms.Build.0 = Release|Any CPU
		{E972B2B2-F549-418E-B830-FB5D97101168}.CD_ROM|x64.ActiveCfg = Release|Any CPU
		{E972B2B2-F549-418E-B830-FB5D97101168}.CD_ROM|x86.ActiveCfg = Release|Any CPU
		{E972B2B2-F549-418E-B830-FB5D97101168}.Debug|Any CPU.ActiveCfg = Debug|Any CPU
		{E972B2B2-F549-418E-B830-FB5D97101168}.Debug|Any CPU.Build.0 = Debug|Any CPU
		{E972B2B2-F549-418E-B830-FB5D97101168}.Debug|Mixed Platforms.ActiveCfg = Debug|Any CPU
		{E972B2B2-F549-418E-B830-FB5D97101168}.Debug|Mixed Platforms.Build.0 = Debug|Any CPU
		{E972B2B2-F549-418E-B830-FB5D97101168}.Debug|x64.ActiveCfg = Debug|Any CPU
		{E972B2B2-F549-418E-B830-FB5D97101168}.Debug|x86.ActiveCfg = Debug|Any CPU
		{E972B2B2-F549-418E-B830-FB5D97101168}.DVD-5|Any CPU.ActiveCfg = Debug|Any CPU
		{E972B2B2-F549-418E-B830-FB5D97101168}.DVD-5|Any CPU.Build.0 = Debug|Any CPU
		{E972B2B2-F549-418E-B830-FB5D97101168}.DVD-5|Mixed Platforms.ActiveCfg = Debug|Any CPU
		{E972B2B2-F549-418E-B830-FB5D97101168}.DVD-5|Mixed Platforms.Build.0 = Debug|Any CPU
		{E972B2B2-F549-418E-B830-FB5D97101168}.DVD-5|x64.ActiveCfg = Debug|Any CPU
		{E972B2B2-F549-418E-B830-FB5D97101168}.DVD-5|x86.ActiveCfg = Debug|Any CPU
		{E972B2B2-F549-418E-B830-FB5D97101168}.Release|Any CPU.ActiveCfg = Release|Any CPU
		{E972B2B2-F549-418E-B830-FB5D97101168}.Release|Any CPU.Build.0 = Release|Any CPU
		{E972B2B2-F549-418E-B830-FB5D97101168}.Release|Mixed Platforms.ActiveCfg = Release|Any CPU
		{E972B2B2-F549-418E-B830-FB5D97101168}.Release|Mixed Platforms.Build.0 = Release|Any CPU
		{E972B2B2-F549-418E-B830-FB5D97101168}.Release|x64.ActiveCfg = Release|Any CPU
		{E972B2B2-F549-418E-B830-FB5D97101168}.Release|x86.ActiveCfg = Release|Any CPU
		{E972B2B2-F549-418E-B830-FB5D97101168}.SingleImage|Any CPU.ActiveCfg = Release|Any CPU
		{E972B2B2-F549-418E-B830-FB5D97101168}.SingleImage|Any CPU.Build.0 = Release|Any CPU
		{E972B2B2-F549-418E-B830-FB5D97101168}.SingleImage|Mixed Platforms.ActiveCfg = Release|Any CPU
		{E972B2B2-F549-418E-B830-FB5D97101168}.SingleImage|Mixed Platforms.Build.0 = Release|Any CPU
		{E972B2B2-F549-418E-B830-FB5D97101168}.SingleImage|x64.ActiveCfg = Release|Any CPU
		{E972B2B2-F549-418E-B830-FB5D97101168}.SingleImage|x86.ActiveCfg = Release|Any CPU
		{4404AE57-C407-4585-8F91-F51C10BAC66F}.CD_ROM|Any CPU.ActiveCfg = Release|Any CPU
		{4404AE57-C407-4585-8F91-F51C10BAC66F}.CD_ROM|Any CPU.Build.0 = Release|Any CPU
		{4404AE57-C407-4585-8F91-F51C10BAC66F}.CD_ROM|Mixed Platforms.ActiveCfg = Release|Any CPU
		{4404AE57-C407-4585-8F91-F51C10BAC66F}.CD_ROM|Mixed Platforms.Build.0 = Release|Any CPU
		{4404AE57-C407-4585-8F91-F51C10BAC66F}.CD_ROM|x64.ActiveCfg = Release|Any CPU
		{4404AE57-C407-4585-8F91-F51C10BAC66F}.CD_ROM|x86.ActiveCfg = Release|Any CPU
		{4404AE57-C407-4585-8F91-F51C10BAC66F}.Debug|Any CPU.ActiveCfg = Debug|Any CPU
		{4404AE57-C407-4585-8F91-F51C10BAC66F}.Debug|Any CPU.Build.0 = Debug|Any CPU
		{4404AE57-C407-4585-8F91-F51C10BAC66F}.Debug|Mixed Platforms.ActiveCfg = Debug|Any CPU
		{4404AE57-C407-4585-8F91-F51C10BAC66F}.Debug|Mixed Platforms.Build.0 = Debug|Any CPU
		{4404AE57-C407-4585-8F91-F51C10BAC66F}.Debug|x64.ActiveCfg = Debug|Any CPU
		{4404AE57-C407-4585-8F91-F51C10BAC66F}.Debug|x86.ActiveCfg = Debug|Any CPU
		{4404AE57-C407-4585-8F91-F51C10BAC66F}.DVD-5|Any CPU.ActiveCfg = Debug|Any CPU
		{4404AE57-C407-4585-8F91-F51C10BAC66F}.DVD-5|Any CPU.Build.0 = Debug|Any CPU
		{4404AE57-C407-4585-8F91-F51C10BAC66F}.DVD-5|Mixed Platforms.ActiveCfg = Debug|Any CPU
		{4404AE57-C407-4585-8F91-F51C10BAC66F}.DVD-5|Mixed Platforms.Build.0 = Debug|Any CPU
		{4404AE57-C407-4585-8F91-F51C10BAC66F}.DVD-5|x64.ActiveCfg = Debug|Any CPU
		{4404AE57-C407-4585-8F91-F51C10BAC66F}.DVD-5|x86.ActiveCfg = Debug|Any CPU
		{4404AE57-C407-4585-8F91-F51C10BAC66F}.Release|Any CPU.ActiveCfg = Release|Any CPU
		{4404AE57-C407-4585-8F91-F51C10BAC66F}.Release|Any CPU.Build.0 = Release|Any CPU
		{4404AE57-C407-4585-8F91-F51C10BAC66F}.Release|Mixed Platforms.ActiveCfg = Release|Any CPU
		{4404AE57-C407-4585-8F91-F51C10BAC66F}.Release|Mixed Platforms.Build.0 = Release|Any CPU
		{4404AE57-C407-4585-8F91-F51C10BAC66F}.Release|x64.ActiveCfg = Release|Any CPU
		{4404AE57-C407-4585-8F91-F51C10BAC66F}.Release|x86.ActiveCfg = Release|Any CPU
		{4404AE57-C407-4585-8F91-F51C10BAC66F}.SingleImage|Any CPU.ActiveCfg = Release|Any CPU
		{4404AE57-C407-4585-8F91-F51C10BAC66F}.SingleImage|Any CPU.Build.0 = Release|Any CPU
		{4404AE57-C407-4585-8F91-F51C10BAC66F}.SingleImage|Mixed Platforms.ActiveCfg = Release|Any CPU
		{4404AE57-C407-4585-8F91-F51C10BAC66F}.SingleImage|Mixed Platforms.Build.0 = Release|Any CPU
		{4404AE57-C407-4585-8F91-F51C10BAC66F}.SingleImage|x64.ActiveCfg = Release|Any CPU
		{4404AE57-C407-4585-8F91-F51C10BAC66F}.SingleImage|x86.ActiveCfg = Release|Any CPU
		{8032CEF7-29D1-4C28-830B-D055455BD350}.CD_ROM|Any CPU.ActiveCfg = Release|Any CPU
		{8032CEF7-29D1-4C28-830B-D055455BD350}.CD_ROM|Any CPU.Build.0 = Release|Any CPU
		{8032CEF7-29D1-4C28-830B-D055455BD350}.CD_ROM|Mixed Platforms.ActiveCfg = Release|Any CPU
		{8032CEF7-29D1-4C28-830B-D055455BD350}.CD_ROM|Mixed Platforms.Build.0 = Release|Any CPU
		{8032CEF7-29D1-4C28-830B-D055455BD350}.CD_ROM|x64.ActiveCfg = Release|Any CPU
		{8032CEF7-29D1-4C28-830B-D055455BD350}.CD_ROM|x86.ActiveCfg = Release|Any CPU
		{8032CEF7-29D1-4C28-830B-D055455BD350}.Debug|Any CPU.ActiveCfg = Debug|Any CPU
		{8032CEF7-29D1-4C28-830B-D055455BD350}.Debug|Any CPU.Build.0 = Debug|Any CPU
		{8032CEF7-29D1-4C28-830B-D055455BD350}.Debug|Mixed Platforms.ActiveCfg = Debug|Any CPU
		{8032CEF7-29D1-4C28-830B-D055455BD350}.Debug|Mixed Platforms.Build.0 = Debug|Any CPU
		{8032CEF7-29D1-4C28-830B-D055455BD350}.Debug|x64.ActiveCfg = Debug|Any CPU
		{8032CEF7-29D1-4C28-830B-D055455BD350}.Debug|x86.ActiveCfg = Debug|Any CPU
		{8032CEF7-29D1-4C28-830B-D055455BD350}.DVD-5|Any CPU.ActiveCfg = Debug|Any CPU
		{8032CEF7-29D1-4C28-830B-D055455BD350}.DVD-5|Any CPU.Build.0 = Debug|Any CPU
		{8032CEF7-29D1-4C28-830B-D055455BD350}.DVD-5|Mixed Platforms.ActiveCfg = Debug|Any CPU
		{8032CEF7-29D1-4C28-830B-D055455BD350}.DVD-5|Mixed Platforms.Build.0 = Debug|Any CPU
		{8032CEF7-29D1-4C28-830B-D055455BD350}.DVD-5|x64.ActiveCfg = Debug|Any CPU
		{8032CEF7-29D1-4C28-830B-D055455BD350}.DVD-5|x86.ActiveCfg = Debug|Any CPU
		{8032CEF7-29D1-4C28-830B-D055455BD350}.Release|Any CPU.ActiveCfg = Release|Any CPU
		{8032CEF7-29D1-4C28-830B-D055455BD350}.Release|Any CPU.Build.0 = Release|Any CPU
		{8032CEF7-29D1-4C28-830B-D055455BD350}.Release|Mixed Platforms.ActiveCfg = Release|Any CPU
		{8032CEF7-29D1-4C28-830B-D055455BD350}.Release|Mixed Platforms.Build.0 = Release|Any CPU
		{8032CEF7-29D1-4C28-830B-D055455BD350}.Release|x64.ActiveCfg = Release|Any CPU
		{8032CEF7-29D1-4C28-830B-D055455BD350}.Release|x86.ActiveCfg = Release|Any CPU
		{8032CEF7-29D1-4C28-830B-D055455BD350}.SingleImage|Any CPU.ActiveCfg = Release|Any CPU
		{8032CEF7-29D1-4C28-830B-D055455BD350}.SingleImage|Any CPU.Build.0 = Release|Any CPU
		{8032CEF7-29D1-4C28-830B-D055455BD350}.SingleImage|Mixed Platforms.ActiveCfg = Release|Any CPU
		{8032CEF7-29D1-4C28-830B-D055455BD350}.SingleImage|Mixed Platforms.Build.0 = Release|Any CPU
		{8032CEF7-29D1-4C28-830B-D055455BD350}.SingleImage|x64.ActiveCfg = Release|Any CPU
		{8032CEF7-29D1-4C28-830B-D055455BD350}.SingleImage|x86.ActiveCfg = Release|Any CPU
		{5FDFFFD6-D30E-4843-AF85-E8A598FBDE64}.CD_ROM|Any CPU.ActiveCfg = CD_ROM
		{5FDFFFD6-D30E-4843-AF85-E8A598FBDE64}.CD_ROM|Any CPU.Build.0 = CD_ROM
		{5FDFFFD6-D30E-4843-AF85-E8A598FBDE64}.CD_ROM|Mixed Platforms.ActiveCfg = CD_ROM
		{5FDFFFD6-D30E-4843-AF85-E8A598FBDE64}.CD_ROM|Mixed Platforms.Build.0 = CD_ROM
		{5FDFFFD6-D30E-4843-AF85-E8A598FBDE64}.CD_ROM|x64.ActiveCfg = CD_ROM
		{5FDFFFD6-D30E-4843-AF85-E8A598FBDE64}.CD_ROM|x64.Build.0 = CD_ROM
		{5FDFFFD6-D30E-4843-AF85-E8A598FBDE64}.CD_ROM|x86.ActiveCfg = CD_ROM
		{5FDFFFD6-D30E-4843-AF85-E8A598FBDE64}.CD_ROM|x86.Build.0 = CD_ROM
		{5FDFFFD6-D30E-4843-AF85-E8A598FBDE64}.Debug|Any CPU.ActiveCfg = DVD-5
		{5FDFFFD6-D30E-4843-AF85-E8A598FBDE64}.Debug|Any CPU.Build.0 = DVD-5
		{5FDFFFD6-D30E-4843-AF85-E8A598FBDE64}.Debug|Mixed Platforms.ActiveCfg = DVD-5
		{5FDFFFD6-D30E-4843-AF85-E8A598FBDE64}.Debug|Mixed Platforms.Build.0 = DVD-5
		{5FDFFFD6-D30E-4843-AF85-E8A598FBDE64}.Debug|x64.ActiveCfg = DVD-5
		{5FDFFFD6-D30E-4843-AF85-E8A598FBDE64}.Debug|x64.Build.0 = DVD-5
		{5FDFFFD6-D30E-4843-AF85-E8A598FBDE64}.Debug|x86.ActiveCfg = DVD-5
		{5FDFFFD6-D30E-4843-AF85-E8A598FBDE64}.Debug|x86.Build.0 = DVD-5
		{5FDFFFD6-D30E-4843-AF85-E8A598FBDE64}.DVD-5|Any CPU.ActiveCfg = DVD-5
		{5FDFFFD6-D30E-4843-AF85-E8A598FBDE64}.DVD-5|Any CPU.Build.0 = DVD-5
		{5FDFFFD6-D30E-4843-AF85-E8A598FBDE64}.DVD-5|Mixed Platforms.ActiveCfg = DVD-5
		{5FDFFFD6-D30E-4843-AF85-E8A598FBDE64}.DVD-5|Mixed Platforms.Build.0 = DVD-5
		{5FDFFFD6-D30E-4843-AF85-E8A598FBDE64}.DVD-5|x64.ActiveCfg = DVD-5
		{5FDFFFD6-D30E-4843-AF85-E8A598FBDE64}.DVD-5|x64.Build.0 = DVD-5
		{5FDFFFD6-D30E-4843-AF85-E8A598FBDE64}.DVD-5|x86.ActiveCfg = DVD-5
		{5FDFFFD6-D30E-4843-AF85-E8A598FBDE64}.DVD-5|x86.Build.0 = DVD-5
		{5FDFFFD6-D30E-4843-AF85-E8A598FBDE64}.Release|Any CPU.ActiveCfg = SingleImage
		{5FDFFFD6-D30E-4843-AF85-E8A598FBDE64}.Release|Any CPU.Build.0 = SingleImage
		{5FDFFFD6-D30E-4843-AF85-E8A598FBDE64}.Release|Mixed Platforms.ActiveCfg = SingleImage
		{5FDFFFD6-D30E-4843-AF85-E8A598FBDE64}.Release|Mixed Platforms.Build.0 = SingleImage
		{5FDFFFD6-D30E-4843-AF85-E8A598FBDE64}.Release|x64.ActiveCfg = SingleImage
		{5FDFFFD6-D30E-4843-AF85-E8A598FBDE64}.Release|x64.Build.0 = SingleImage
		{5FDFFFD6-D30E-4843-AF85-E8A598FBDE64}.Release|x86.ActiveCfg = SingleImage
		{5FDFFFD6-D30E-4843-AF85-E8A598FBDE64}.Release|x86.Build.0 = SingleImage
		{5FDFFFD6-D30E-4843-AF85-E8A598FBDE64}.SingleImage|Any CPU.ActiveCfg = SingleImage
		{5FDFFFD6-D30E-4843-AF85-E8A598FBDE64}.SingleImage|Any CPU.Build.0 = SingleImage
		{5FDFFFD6-D30E-4843-AF85-E8A598FBDE64}.SingleImage|Mixed Platforms.ActiveCfg = SingleImage
		{5FDFFFD6-D30E-4843-AF85-E8A598FBDE64}.SingleImage|Mixed Platforms.Build.0 = SingleImage
		{5FDFFFD6-D30E-4843-AF85-E8A598FBDE64}.SingleImage|x64.ActiveCfg = SingleImage
		{5FDFFFD6-D30E-4843-AF85-E8A598FBDE64}.SingleImage|x64.Build.0 = SingleImage
		{5FDFFFD6-D30E-4843-AF85-E8A598FBDE64}.SingleImage|x86.ActiveCfg = SingleImage
		{5FDFFFD6-D30E-4843-AF85-E8A598FBDE64}.SingleImage|x86.Build.0 = SingleImage
	EndGlobalSection
	GlobalSection(SolutionProperties) = preSolution
		HideSolutionNode = FALSE
	EndGlobalSection
EndGlobal
